
Microsoft Visual Studio Solution File, Format Version 12.00
# Visual Studio Version 16
VisualStudioVersion = 16.0.30907.101
MinimumVisualStudioVersion = 10.0.40219.1
Project("{2150E333-8FDC-42A3-9474-1A3956D46DE8}") = "8_Build", "8_Build", "{182A0247-1BA4-4C54-ACD2-AFA7876EB077}"
	ProjectSection(SolutionItems) = preProject
		build\Dependencies.AspNetCore.props = build\Dependencies.AspNetCore.props
		build\Dependencies.Build.props = build\Dependencies.Build.props
		build\Dependencies.External.props = build\Dependencies.External.props
		build\Dependencies.NetCore.props = build\Dependencies.NetCore.props
		build\Dependencies.props = build\Dependencies.props
		build\Dependencies.Test.props = build\Dependencies.Test.props
		build\DependencyManagement.targets = build\DependencyManagement.targets
		src\Directory.build.props = src\Directory.build.props
		src\Directory.build.targets = src\Directory.build.targets
		Nuget.config = Nuget.config
	EndProjectSection
EndProject
Project("{2150E333-8FDC-42A3-9474-1A3956D46DE8}") = "9_Deploy", "9_Deploy", "{734F31E4-0FD5-47C6-AF88-DCF2A80E1F2F}"
	ProjectSection(SolutionItems) = preProject
		tye.yaml = tye.yaml
		deploy\tye_run.ps1 = deploy\tye_run.ps1
	EndProjectSection
EndProject
Project("{2150E333-8FDC-42A3-9474-1A3956D46DE8}") = "0_Core", "0_Core", "{23C5C740-B906-4598-A789-6E5027F0A07C}"
	ProjectSection(SolutionItems) = preProject
		src\Core\Directory.build.props = src\Core\Directory.build.props
		src\Core\Directory.build.targets = src\Core\Directory.build.targets
	EndProjectSection
EndProject
Project("{2150E333-8FDC-42A3-9474-1A3956D46DE8}") = "7_Tests", "7_Tests", "{1299CE2B-441E-4AB4-97E3-E439F145E9F9}"
	ProjectSection(SolutionItems) = preProject
		test\Directory.build.props = test\Directory.build.props
		test\Directory.build.targets = test\Directory.build.targets
	EndProjectSection
EndProject
Project("{2150E333-8FDC-42A3-9474-1A3956D46DE8}") = "1_Modules", "1_Modules", "{5DEBE9B8-E56C-4E95-A592-9CB0194A8221}"
	ProjectSection(SolutionItems) = preProject
		src\Modules\Directory.build.props = src\Modules\Directory.build.props
		src\Modules\Directory.build.targets = src\Modules\Directory.build.targets
	EndProjectSection
EndProject
Project("{2150E333-8FDC-42A3-9474-1A3956D46DE8}") = "Presentation", "Presentation", "{C95CEBC9-31B9-4BA7-BFAF-AE75997E196A}"
	ProjectSection(SolutionItems) = preProject
		src\Modules\Presentation\Directory.build.props = src\Modules\Presentation\Directory.build.props
		src\Modules\Presentation\Directory.build.targets = src\Modules\Presentation\Directory.build.targets
	EndProjectSection
EndProject
Project("{2150E333-8FDC-42A3-9474-1A3956D46DE8}") = "Infrastructure", "Infrastructure", "{90B3C6C8-2BE3-4E1A-ADBB-B0CCAAD183FB}"
	ProjectSection(SolutionItems) = preProject
		src\Modules\Infrastructure\Directory.build.props = src\Modules\Infrastructure\Directory.build.props
		src\Modules\Infrastructure\Directory.build.targets = src\Modules\Infrastructure\Directory.build.targets
	EndProjectSection
EndProject
Project("{2150E333-8FDC-42A3-9474-1A3956D46DE8}") = "Domain", "Domain", "{4D6ADF6B-E0E9-433D-8CE8-583E26623B7E}"
	ProjectSection(SolutionItems) = preProject
		src\Modules\Domain\Directory.build.props = src\Modules\Domain\Directory.build.props
		src\Modules\Domain\Directory.build.targets = src\Modules\Domain\Directory.build.targets
	EndProjectSection
EndProject
Project("{2150E333-8FDC-42A3-9474-1A3956D46DE8}") = "Application", "Application", "{2B0D7C3D-F29B-4073-ADB1-CE3602F4BEBB}"
	ProjectSection(SolutionItems) = preProject
		src\Modules\Application\Directory.build.props = src\Modules\Application\Directory.build.props
		src\Modules\Application\Directory.build.targets = src\Modules\Application\Directory.build.targets
	EndProjectSection
EndProject
Project("{2150E333-8FDC-42A3-9474-1A3956D46DE8}") = "Modules", "Modules", "{7FC87AE8-D1DA-4306-81B0-29C270E7E104}"
EndProject
Project("{2150E333-8FDC-42A3-9474-1A3956D46DE8}") = "Units", "Units", "{39D4F000-E0C7-4DB3-A80F-6D75FAAB44FE}"
EndProject
Project("{2150E333-8FDC-42A3-9474-1A3956D46DE8}") = "Infrastructure", "Infrastructure", "{17634B5D-1BCA-4A1D-BA37-4293453A5CEC}"
	ProjectSection(SolutionItems) = preProject
		src\Core\Infrastructure\Directory.build.props = src\Core\Infrastructure\Directory.build.props
		src\Core\Infrastructure\Directory.build.targets = src\Core\Infrastructure\Directory.build.targets
	EndProjectSection
EndProject
Project("{2150E333-8FDC-42A3-9474-1A3956D46DE8}") = "Presentation", "Presentation", "{18B2A0BB-26B0-47D6-8949-DFA20293D6EB}"
	ProjectSection(SolutionItems) = preProject
		src\Core\Presentation\Directory.build.props = src\Core\Presentation\Directory.build.props
		src\Core\Presentation\Directory.build.targets = src\Core\Presentation\Directory.build.targets
	EndProjectSection
EndProject
Project("{2150E333-8FDC-42A3-9474-1A3956D46DE8}") = "Domain", "Domain", "{AA61F54B-167D-4249-975C-FA3CAA08399E}"
	ProjectSection(SolutionItems) = preProject
		src\Core\Domain\Directory.build.props = src\Core\Domain\Directory.build.props
		src\Core\Domain\Directory.build.targets = src\Core\Domain\Directory.build.targets
	EndProjectSection
EndProject
Project("{2150E333-8FDC-42A3-9474-1A3956D46DE8}") = "Application", "Application", "{C74D717A-F4C0-4C99-B367-117E51415AF5}"
	ProjectSection(SolutionItems) = preProject
		src\Core\Application\Directory.build.props = src\Core\Application\Directory.build.props
		src\Core\Application\Directory.build.targets = src\Core\Application\Directory.build.targets
	EndProjectSection
EndProject
Project("{2150E333-8FDC-42A3-9474-1A3956D46DE8}") = "3_Programs", "3_Programs", "{9AD0F4D0-F052-4D81-A2C9-F9A301DC8807}"
	ProjectSection(SolutionItems) = preProject
		src\Programs\Directory.build.props = src\Programs\Directory.build.props
		src\Programs\Directory.build.targets = src\Programs\Directory.build.targets
	EndProjectSection
EndProject
Project("{9A19103F-16F7-4668-BE54-9A1E7A4F7556}") = "Bistrotic.Queries.Abstractions", "src\Core\Application\Bistrotic.Queries.Abstractions\Bistrotic.Queries.Abstractions.csproj", "{9563C7C0-9788-4F28-8232-A0EC87CCAD0F}"
EndProject
Project("{9A19103F-16F7-4668-BE54-9A1E7A4F7556}") = "Bistrotic.Domain.Abstractions", "src\Core\Domain\Bistrotic.Domain.Abstractions\Bistrotic.Domain.Abstractions.csproj", "{69F6A7B4-6A07-4799-A1AF-B68FD2CC565F}"
EndProject
Project("{9A19103F-16F7-4668-BE54-9A1E7A4F7556}") = "Bistrotic.Commands.Abstractions", "src\Core\Application\Bistrotic.Commands.Abstractions\Bistrotic.Commands.Abstractions.csproj", "{394916DF-7495-4250-9166-77818CA1F8B9}"
EndProject
Project("{9A19103F-16F7-4668-BE54-9A1E7A4F7556}") = "Bistrotic.Infrastructure.Abstractions", "src\Core\Infrastructure\Bistrotic.Infrastructure.Abstractions\Bistrotic.Infrastructure.Abstractions.csproj", "{EE8C8484-26DB-4CCF-8648-582ABC9470C8}"
EndProject
Project("{9A19103F-16F7-4668-BE54-9A1E7A4F7556}") = "Bistrotic.Infrastructure.ServiceHost", "src\Core\Infrastructure\Bistrotic.Infrastructure.ServiceHost\Bistrotic.Infrastructure.ServiceHost.csproj", "{E82A2C2E-E23E-4CF5-944E-56C7C2DD884C}"
EndProject
Project("{9A19103F-16F7-4668-BE54-9A1E7A4F7556}") = "Bistrotic.Infrastructure.WebServer", "src\Core\Infrastructure\Bistrotic.Infrastructure.WebServer\Bistrotic.Infrastructure.WebServer.csproj", "{D4D7016B-113E-4067-B0E4-C1FD37A09D57}"
EndProject
Project("{9A19103F-16F7-4668-BE54-9A1E7A4F7556}") = "Bistrotic.Infrastructure.BlazorClient", "src\Core\Infrastructure\Bistrotic.Infrastructure.BlazorClient\Bistrotic.Infrastructure.BlazorClient.csproj", "{DA214E04-F5B6-46B3-A172-9EA32F10BC01}"
EndProject
Project("{9A19103F-16F7-4668-BE54-9A1E7A4F7556}") = "Bistrotic.Infrastructure.Modules", "src\Core\Infrastructure\Bistrotic.Infrastructure.Modules\Bistrotic.Infrastructure.Modules.csproj", "{1B3ADC86-CA99-409C-B0F1-69918F929B5E}"
EndProject
Project("{9A19103F-16F7-4668-BE54-9A1E7A4F7556}") = "Bistrotic.Units.Application.Abstractions", "src\Modules\Application\Bistrotic.Units.Abstractions\Bistrotic.Units.Application.Abstractions.csproj", "{3B893598-C5E1-44F0-A810-35964FC5B0A4}"
EndProject
Project("{9A19103F-16F7-4668-BE54-9A1E7A4F7556}") = "Bistrotic.Units.Application", "src\Modules\Application\Bistrotic.Units.Application\Bistrotic.Units.Application.csproj", "{B7AC3C11-87C6-4B52-B8C3-F00FF4D3DAFB}"
EndProject
Project("{9A19103F-16F7-4668-BE54-9A1E7A4F7556}") = "Bistrotic.Units.Domain.Abstractions", "src\Modules\Domain\Bistrotic.Units.Domain.Abstractions\Bistrotic.Units.Domain.Abstractions.csproj", "{514AC827-064A-49F7-9BFB-8B1AF036B098}"
EndProject
Project("{9A19103F-16F7-4668-BE54-9A1E7A4F7556}") = "Bistrotic.Application.Abstractions", "src\Core\Application\Bistrotic.Application.Abstractions\Bistrotic.Application.Abstractions.csproj", "{61D73F65-0B6E-46E4-9D19-C91FC7971CB5}"
EndProject
Project("{9A19103F-16F7-4668-BE54-9A1E7A4F7556}") = "Bistrotic.Units.Domain", "src\Modules\Domain\Bistrotic.Units.Domain\Bistrotic.Units.Domain.csproj", "{6B943632-BF66-4B97-89A8-48D7289E95A0}"
EndProject
Project("{9A19103F-16F7-4668-BE54-9A1E7A4F7556}") = "Bistrotic.Units.Domain.Tests", "test\Modules\Units\Fiveforty.Module.Units.Domain.Tests\Bistrotic.Units.Domain.Tests.csproj", "{BF324B73-0DA9-4033-8A4E-6F71FAC3B34C}"
EndProject
Project("{9A19103F-16F7-4668-BE54-9A1E7A4F7556}") = "Bistrotic.Commands.InMemory.Tests", "test\Bistrotic.Commands.InMemory.Tests\Bistrotic.Commands.InMemory.Tests.csproj", "{394FDA04-6D26-4E2B-96DD-76EFC2036713}"
EndProject
Project("{9A19103F-16F7-4668-BE54-9A1E7A4F7556}") = "Bistrotic.Infrastructure.Tests", "test\Bistrotic.Infrastructure.Tests\Bistrotic.Infrastructure.Tests.csproj", "{9EF0C27E-7179-4371-920B-EBCA2AC47D63}"
EndProject
Project("{9A19103F-16F7-4668-BE54-9A1E7A4F7556}") = "Bistrotic.Module.Abstractions.Tests", "test\Bistrotic.Module.Abstractions.Tests\Bistrotic.Module.Abstractions.Tests.csproj", "{37C00D6E-0B58-4474-AF31-AD1FE4BEEE3B}"
EndProject
Project("{2150E333-8FDC-42A3-9474-1A3956D46DE8}") = "4_Architecture", "4_Architecture", "{FCFA1245-E128-4C9C-9BF9-1378B07DCFF0}"
EndProject
Project("{F088123C-0E9E-452A-89E6-6BA2F21D5CAC}") = "Bistrotic.Architecture", "src\Architecture\Bistrotic.Architecture\Bistrotic.Architecture.modelproj", "{240671F6-117C-45F0-9F9B-3B6A7DBFDD93}"
EndProject
Project("{9A19103F-16F7-4668-BE54-9A1E7A4F7556}") = "Bistrotic.Presentation.Abstractions", "src\Core\Presentation\Bistrotic.Presentation.Abstractions\Bistrotic.Presentation.Abstractions.csproj", "{B13B3C1A-642E-473A-9D8A-CE8841C4BB66}"
EndProject
Project("{9A19103F-16F7-4668-BE54-9A1E7A4F7556}") = "Bistrotic.Units.Presentation", "src\Modules\Presentation\Bistrotic.Units.Presentation\Bistrotic.Units.Presentation.csproj", "{37DBA16B-4A87-40AC-B78D-353CA2032EE2}"
EndProject
Project("{9A19103F-16F7-4668-BE54-9A1E7A4F7556}") = "Bistrotic.WebServer", "src\Programs\Bistrotic.WebServer\Bistrotic.WebServer.csproj", "{A9C402CA-EBBF-4122-9883-1836569A91A6}"
EndProject
Project("{9A19103F-16F7-4668-BE54-9A1E7A4F7556}") = "Bistrotic.WebClient", "src\Programs\Bistrotic.WebClient\Bistrotic.WebClient.csproj", "{E3888182-9EAB-401F-85D0-189E37225796}"
EndProject
Global
	GlobalSection(SolutionConfigurationPlatforms) = preSolution
		Debug|Any CPU = Debug|Any CPU
		Release|Any CPU = Release|Any CPU
	EndGlobalSection
	GlobalSection(ProjectConfigurationPlatforms) = postSolution
		{9563C7C0-9788-4F28-8232-A0EC87CCAD0F}.Debug|Any CPU.ActiveCfg = Debug|Any CPU
		{9563C7C0-9788-4F28-8232-A0EC87CCAD0F}.Debug|Any CPU.Build.0 = Debug|Any CPU
		{9563C7C0-9788-4F28-8232-A0EC87CCAD0F}.Release|Any CPU.ActiveCfg = Release|Any CPU
		{9563C7C0-9788-4F28-8232-A0EC87CCAD0F}.Release|Any CPU.Build.0 = Release|Any CPU
		{69F6A7B4-6A07-4799-A1AF-B68FD2CC565F}.Debug|Any CPU.ActiveCfg = Debug|Any CPU
		{69F6A7B4-6A07-4799-A1AF-B68FD2CC565F}.Debug|Any CPU.Build.0 = Debug|Any CPU
		{69F6A7B4-6A07-4799-A1AF-B68FD2CC565F}.Release|Any CPU.ActiveCfg = Release|Any CPU
		{69F6A7B4-6A07-4799-A1AF-B68FD2CC565F}.Release|Any CPU.Build.0 = Release|Any CPU
		{394916DF-7495-4250-9166-77818CA1F8B9}.Debug|Any CPU.ActiveCfg = Debug|Any CPU
		{394916DF-7495-4250-9166-77818CA1F8B9}.Debug|Any CPU.Build.0 = Debug|Any CPU
		{394916DF-7495-4250-9166-77818CA1F8B9}.Release|Any CPU.ActiveCfg = Release|Any CPU
		{394916DF-7495-4250-9166-77818CA1F8B9}.Release|Any CPU.Build.0 = Release|Any CPU
		{EE8C8484-26DB-4CCF-8648-582ABC9470C8}.Debug|Any CPU.ActiveCfg = Debug|Any CPU
		{EE8C8484-26DB-4CCF-8648-582ABC9470C8}.Debug|Any CPU.Build.0 = Debug|Any CPU
		{EE8C8484-26DB-4CCF-8648-582ABC9470C8}.Release|Any CPU.ActiveCfg = Release|Any CPU
		{EE8C8484-26DB-4CCF-8648-582ABC9470C8}.Release|Any CPU.Build.0 = Release|Any CPU
		{E82A2C2E-E23E-4CF5-944E-56C7C2DD884C}.Debug|Any CPU.ActiveCfg = Debug|Any CPU
		{E82A2C2E-E23E-4CF5-944E-56C7C2DD884C}.Debug|Any CPU.Build.0 = Debug|Any CPU
		{E82A2C2E-E23E-4CF5-944E-56C7C2DD884C}.Release|Any CPU.ActiveCfg = Release|Any CPU
		{E82A2C2E-E23E-4CF5-944E-56C7C2DD884C}.Release|Any CPU.Build.0 = Release|Any CPU
		{D4D7016B-113E-4067-B0E4-C1FD37A09D57}.Debug|Any CPU.ActiveCfg = Debug|Any CPU
		{D4D7016B-113E-4067-B0E4-C1FD37A09D57}.Debug|Any CPU.Build.0 = Debug|Any CPU
		{D4D7016B-113E-4067-B0E4-C1FD37A09D57}.Release|Any CPU.ActiveCfg = Release|Any CPU
		{D4D7016B-113E-4067-B0E4-C1FD37A09D57}.Release|Any CPU.Build.0 = Release|Any CPU
		{DA214E04-F5B6-46B3-A172-9EA32F10BC01}.Debug|Any CPU.ActiveCfg = Debug|Any CPU
		{DA214E04-F5B6-46B3-A172-9EA32F10BC01}.Debug|Any CPU.Build.0 = Debug|Any CPU
		{DA214E04-F5B6-46B3-A172-9EA32F10BC01}.Release|Any CPU.ActiveCfg = Release|Any CPU
		{DA214E04-F5B6-46B3-A172-9EA32F10BC01}.Release|Any CPU.Build.0 = Release|Any CPU
		{1B3ADC86-CA99-409C-B0F1-69918F929B5E}.Debug|Any CPU.ActiveCfg = Debug|Any CPU
		{1B3ADC86-CA99-409C-B0F1-69918F929B5E}.Debug|Any CPU.Build.0 = Debug|Any CPU
		{1B3ADC86-CA99-409C-B0F1-69918F929B5E}.Release|Any CPU.ActiveCfg = Release|Any CPU
		{1B3ADC86-CA99-409C-B0F1-69918F929B5E}.Release|Any CPU.Build.0 = Release|Any CPU
		{3B893598-C5E1-44F0-A810-35964FC5B0A4}.Debug|Any CPU.ActiveCfg = Debug|Any CPU
		{3B893598-C5E1-44F0-A810-35964FC5B0A4}.Debug|Any CPU.Build.0 = Debug|Any CPU
		{3B893598-C5E1-44F0-A810-35964FC5B0A4}.Release|Any CPU.ActiveCfg = Release|Any CPU
		{3B893598-C5E1-44F0-A810-35964FC5B0A4}.Release|Any CPU.Build.0 = Release|Any CPU
		{B7AC3C11-87C6-4B52-B8C3-F00FF4D3DAFB}.Debug|Any CPU.ActiveCfg = Debug|Any CPU
		{B7AC3C11-87C6-4B52-B8C3-F00FF4D3DAFB}.Debug|Any CPU.Build.0 = Debug|Any CPU
		{B7AC3C11-87C6-4B52-B8C3-F00FF4D3DAFB}.Release|Any CPU.ActiveCfg = Release|Any CPU
		{B7AC3C11-87C6-4B52-B8C3-F00FF4D3DAFB}.Release|Any CPU.Build.0 = Release|Any CPU
		{514AC827-064A-49F7-9BFB-8B1AF036B098}.Debug|Any CPU.ActiveCfg = Debug|Any CPU
		{514AC827-064A-49F7-9BFB-8B1AF036B098}.Debug|Any CPU.Build.0 = Debug|Any CPU
		{514AC827-064A-49F7-9BFB-8B1AF036B098}.Release|Any CPU.ActiveCfg = Release|Any CPU
		{514AC827-064A-49F7-9BFB-8B1AF036B098}.Release|Any CPU.Build.0 = Release|Any CPU
		{61D73F65-0B6E-46E4-9D19-C91FC7971CB5}.Debug|Any CPU.ActiveCfg = Debug|Any CPU
		{61D73F65-0B6E-46E4-9D19-C91FC7971CB5}.Debug|Any CPU.Build.0 = Debug|Any CPU
		{61D73F65-0B6E-46E4-9D19-C91FC7971CB5}.Release|Any CPU.ActiveCfg = Release|Any CPU
		{61D73F65-0B6E-46E4-9D19-C91FC7971CB5}.Release|Any CPU.Build.0 = Release|Any CPU
		{6B943632-BF66-4B97-89A8-48D7289E95A0}.Debug|Any CPU.ActiveCfg = Debug|Any CPU
		{6B943632-BF66-4B97-89A8-48D7289E95A0}.Debug|Any CPU.Build.0 = Debug|Any CPU
		{6B943632-BF66-4B97-89A8-48D7289E95A0}.Release|Any CPU.ActiveCfg = Release|Any CPU
		{6B943632-BF66-4B97-89A8-48D7289E95A0}.Release|Any CPU.Build.0 = Release|Any CPU
		{BF324B73-0DA9-4033-8A4E-6F71FAC3B34C}.Debug|Any CPU.ActiveCfg = Debug|Any CPU
		{BF324B73-0DA9-4033-8A4E-6F71FAC3B34C}.Debug|Any CPU.Build.0 = Debug|Any CPU
		{BF324B73-0DA9-4033-8A4E-6F71FAC3B34C}.Release|Any CPU.ActiveCfg = Release|Any CPU
		{BF324B73-0DA9-4033-8A4E-6F71FAC3B34C}.Release|Any CPU.Build.0 = Release|Any CPU
		{394FDA04-6D26-4E2B-96DD-76EFC2036713}.Debug|Any CPU.ActiveCfg = Debug|Any CPU
		{394FDA04-6D26-4E2B-96DD-76EFC2036713}.Debug|Any CPU.Build.0 = Debug|Any CPU
		{394FDA04-6D26-4E2B-96DD-76EFC2036713}.Release|Any CPU.ActiveCfg = Release|Any CPU
		{394FDA04-6D26-4E2B-96DD-76EFC2036713}.Release|Any CPU.Build.0 = Release|Any CPU
		{9EF0C27E-7179-4371-920B-EBCA2AC47D63}.Debug|Any CPU.ActiveCfg = Debug|Any CPU
		{9EF0C27E-7179-4371-920B-EBCA2AC47D63}.Debug|Any CPU.Build.0 = Debug|Any CPU
		{9EF0C27E-7179-4371-920B-EBCA2AC47D63}.Release|Any CPU.ActiveCfg = Release|Any CPU
		{9EF0C27E-7179-4371-920B-EBCA2AC47D63}.Release|Any CPU.Build.0 = Release|Any CPU
		{37C00D6E-0B58-4474-AF31-AD1FE4BEEE3B}.Debug|Any CPU.ActiveCfg = Debug|Any CPU
		{37C00D6E-0B58-4474-AF31-AD1FE4BEEE3B}.Debug|Any CPU.Build.0 = Debug|Any CPU
		{37C00D6E-0B58-4474-AF31-AD1FE4BEEE3B}.Release|Any CPU.ActiveCfg = Release|Any CPU
		{37C00D6E-0B58-4474-AF31-AD1FE4BEEE3B}.Release|Any CPU.Build.0 = Release|Any CPU
		{240671F6-117C-45F0-9F9B-3B6A7DBFDD93}.Debug|Any CPU.ActiveCfg = Debug|Any CPU
		{240671F6-117C-45F0-9F9B-3B6A7DBFDD93}.Debug|Any CPU.Build.0 = Debug|Any CPU
		{240671F6-117C-45F0-9F9B-3B6A7DBFDD93}.Release|Any CPU.ActiveCfg = Release|Any CPU
		{240671F6-117C-45F0-9F9B-3B6A7DBFDD93}.Release|Any CPU.Build.0 = Release|Any CPU
		{B13B3C1A-642E-473A-9D8A-CE8841C4BB66}.Debug|Any CPU.ActiveCfg = Debug|Any CPU
		{B13B3C1A-642E-473A-9D8A-CE8841C4BB66}.Debug|Any CPU.Build.0 = Debug|Any CPU
		{B13B3C1A-642E-473A-9D8A-CE8841C4BB66}.Release|Any CPU.ActiveCfg = Release|Any CPU
		{B13B3C1A-642E-473A-9D8A-CE8841C4BB66}.Release|Any CPU.Build.0 = Release|Any CPU
		{37DBA16B-4A87-40AC-B78D-353CA2032EE2}.Debug|Any CPU.ActiveCfg = Debug|Any CPU
		{37DBA16B-4A87-40AC-B78D-353CA2032EE2}.Debug|Any CPU.Build.0 = Debug|Any CPU
		{37DBA16B-4A87-40AC-B78D-353CA2032EE2}.Release|Any CPU.ActiveCfg = Release|Any CPU
		{37DBA16B-4A87-40AC-B78D-353CA2032EE2}.Release|Any CPU.Build.0 = Release|Any CPU
		{A9C402CA-EBBF-4122-9883-1836569A91A6}.Debug|Any CPU.ActiveCfg = Debug|Any CPU
		{A9C402CA-EBBF-4122-9883-1836569A91A6}.Debug|Any CPU.Build.0 = Debug|Any CPU
		{A9C402CA-EBBF-4122-9883-1836569A91A6}.Release|Any CPU.ActiveCfg = Release|Any CPU
		{A9C402CA-EBBF-4122-9883-1836569A91A6}.Release|Any CPU.Build.0 = Release|Any CPU
		{E3888182-9EAB-401F-85D0-189E37225796}.Debug|Any CPU.ActiveCfg = Debug|Any CPU
		{E3888182-9EAB-401F-85D0-189E37225796}.Debug|Any CPU.Build.0 = Debug|Any CPU
		{E3888182-9EAB-401F-85D0-189E37225796}.Release|Any CPU.ActiveCfg = Release|Any CPU
		{E3888182-9EAB-401F-85D0-189E37225796}.Release|Any CPU.Build.0 = Release|Any CPU
	EndGlobalSection
	GlobalSection(SolutionProperties) = preSolution
		HideSolutionNode = FALSE
	EndGlobalSection
	GlobalSection(NestedProjects) = preSolution
		{C95CEBC9-31B9-4BA7-BFAF-AE75997E196A} = {5DEBE9B8-E56C-4E95-A592-9CB0194A8221}
		{90B3C6C8-2BE3-4E1A-ADBB-B0CCAAD183FB} = {5DEBE9B8-E56C-4E95-A592-9CB0194A8221}
		{4D6ADF6B-E0E9-433D-8CE8-583E26623B7E} = {5DEBE9B8-E56C-4E95-A592-9CB0194A8221}
		{2B0D7C3D-F29B-4073-ADB1-CE3602F4BEBB} = {5DEBE9B8-E56C-4E95-A592-9CB0194A8221}
		{7FC87AE8-D1DA-4306-81B0-29C270E7E104} = {1299CE2B-441E-4AB4-97E3-E439F145E9F9}
		{39D4F000-E0C7-4DB3-A80F-6D75FAAB44FE} = {7FC87AE8-D1DA-4306-81B0-29C270E7E104}
		{17634B5D-1BCA-4A1D-BA37-4293453A5CEC} = {23C5C740-B906-4598-A789-6E5027F0A07C}
		{18B2A0BB-26B0-47D6-8949-DFA20293D6EB} = {23C5C740-B906-4598-A789-6E5027F0A07C}
		{AA61F54B-167D-4249-975C-FA3CAA08399E} = {23C5C740-B906-4598-A789-6E5027F0A07C}
		{C74D717A-F4C0-4C99-B367-117E51415AF5} = {23C5C740-B906-4598-A789-6E5027F0A07C}
		{9563C7C0-9788-4F28-8232-A0EC87CCAD0F} = {C74D717A-F4C0-4C99-B367-117E51415AF5}
		{69F6A7B4-6A07-4799-A1AF-B68FD2CC565F} = {AA61F54B-167D-4249-975C-FA3CAA08399E}
		{394916DF-7495-4250-9166-77818CA1F8B9} = {C74D717A-F4C0-4C99-B367-117E51415AF5}
		{EE8C8484-26DB-4CCF-8648-582ABC9470C8} = {17634B5D-1BCA-4A1D-BA37-4293453A5CEC}
		{E82A2C2E-E23E-4CF5-944E-56C7C2DD884C} = {17634B5D-1BCA-4A1D-BA37-4293453A5CEC}
		{D4D7016B-113E-4067-B0E4-C1FD37A09D57} = {17634B5D-1BCA-4A1D-BA37-4293453A5CEC}
		{DA214E04-F5B6-46B3-A172-9EA32F10BC01} = {17634B5D-1BCA-4A1D-BA37-4293453A5CEC}
		{1B3ADC86-CA99-409C-B0F1-69918F929B5E} = {17634B5D-1BCA-4A1D-BA37-4293453A5CEC}
		{3B893598-C5E1-44F0-A810-35964FC5B0A4} = {2B0D7C3D-F29B-4073-ADB1-CE3602F4BEBB}
		{B7AC3C11-87C6-4B52-B8C3-F00FF4D3DAFB} = {2B0D7C3D-F29B-4073-ADB1-CE3602F4BEBB}
		{514AC827-064A-49F7-9BFB-8B1AF036B098} = {4D6ADF6B-E0E9-433D-8CE8-583E26623B7E}
		{61D73F65-0B6E-46E4-9D19-C91FC7971CB5} = {C74D717A-F4C0-4C99-B367-117E51415AF5}
		{6B943632-BF66-4B97-89A8-48D7289E95A0} = {4D6ADF6B-E0E9-433D-8CE8-583E26623B7E}
		{BF324B73-0DA9-4033-8A4E-6F71FAC3B34C} = {39D4F000-E0C7-4DB3-A80F-6D75FAAB44FE}
		{394FDA04-6D26-4E2B-96DD-76EFC2036713} = {1299CE2B-441E-4AB4-97E3-E439F145E9F9}
		{9EF0C27E-7179-4371-920B-EBCA2AC47D63} = {1299CE2B-441E-4AB4-97E3-E439F145E9F9}
		{37C00D6E-0B58-4474-AF31-AD1FE4BEEE3B} = {1299CE2B-441E-4AB4-97E3-E439F145E9F9}
		{240671F6-117C-45F0-9F9B-3B6A7DBFDD93} = {FCFA1245-E128-4C9C-9BF9-1378B07DCFF0}
		{B13B3C1A-642E-473A-9D8A-CE8841C4BB66} = {18B2A0BB-26B0-47D6-8949-DFA20293D6EB}
		{37DBA16B-4A87-40AC-B78D-353CA2032EE2} = {C95CEBC9-31B9-4BA7-BFAF-AE75997E196A}
		{A9C402CA-EBBF-4122-9883-1836569A91A6} = {9AD0F4D0-F052-4D81-A2C9-F9A301DC8807}
		{E3888182-9EAB-401F-85D0-189E37225796} = {9AD0F4D0-F052-4D81-A2C9-F9A301DC8807}
	EndGlobalSection
	GlobalSection(ExtensibilityGlobals) = postSolution
		SolutionGuid = {BA165E9D-6B6A-49BD-9879-44123F389ACD}
	EndGlobalSection
EndGlobal
