
Microsoft Visual Studio Solution File, Format Version 12.00
# Visual Studio Version 16
VisualStudioVersion = 16.0.30907.101
MinimumVisualStudioVersion = 10.0.40219.1
Project("{2150E333-8FDC-42A3-9474-1A3956D46DE8}") = "8_Build", "8_Build", "{182A0247-1BA4-4C54-ACD2-AFA7876EB077}"
	ProjectSection(SolutionItems) = preProject
		build\Dependencies.AspNetCore.props = build\Dependencies.AspNetCore.props
		build\Dependencies.Build.props = build\Dependencies.Build.props
		build\Dependencies.External.props = build\Dependencies.External.props
		build\Dependencies.NetCore.props = build\Dependencies.NetCore.props
		build\Dependencies.props = build\Dependencies.props
		build\Dependencies.Test.props = build\Dependencies.Test.props
		src\Directory.build.props = src\Directory.build.props
		src\Directory.build.targets = src\Directory.build.targets
		Nuget.config = Nuget.config
	EndProjectSection
EndProject
Project("{2150E333-8FDC-42A3-9474-1A3956D46DE8}") = "9_Deploy", "9_Deploy", "{734F31E4-0FD5-47C6-AF88-DCF2A80E1F2F}"
	ProjectSection(SolutionItems) = preProject
		tye.yaml = tye.yaml
		deploy\tye_run.ps1 = deploy\tye_run.ps1
	EndProjectSection
EndProject
Project("{2150E333-8FDC-42A3-9474-1A3956D46DE8}") = "0_Core", "0_Core", "{23C5C740-B906-4598-A789-6E5027F0A07C}"
	ProjectSection(SolutionItems) = preProject
		src\Core\Directory.build.props = src\Core\Directory.build.props
		src\Core\Directory.build.targets = src\Core\Directory.build.targets
	EndProjectSection
EndProject
Project("{2150E333-8FDC-42A3-9474-1A3956D46DE8}") = "7_Tests", "7_Tests", "{1299CE2B-441E-4AB4-97E3-E439F145E9F9}"
	ProjectSection(SolutionItems) = preProject
		test\Directory.build.props = test\Directory.build.props
		test\Directory.build.targets = test\Directory.build.targets
	EndProjectSection
EndProject
Project("{2150E333-8FDC-42A3-9474-1A3956D46DE8}") = "1_Modules", "1_Modules", "{5DEBE9B8-E56C-4E95-A592-9CB0194A8221}"
	ProjectSection(SolutionItems) = preProject
		src\Modules\Directory.build.props = src\Modules\Directory.build.props
		src\Modules\Directory.build.targets = src\Modules\Directory.build.targets
	EndProjectSection
EndProject
Project("{2150E333-8FDC-42A3-9474-1A3956D46DE8}") = "Units", "Units", "{C95CEBC9-31B9-4BA7-BFAF-AE75997E196A}"
EndProject
Project("{2150E333-8FDC-42A3-9474-1A3956D46DE8}") = "Modules", "Modules", "{7FC87AE8-D1DA-4306-81B0-29C270E7E104}"
EndProject
Project("{2150E333-8FDC-42A3-9474-1A3956D46DE8}") = "Units", "Units", "{39D4F000-E0C7-4DB3-A80F-6D75FAAB44FE}"
EndProject
Project("{2150E333-8FDC-42A3-9474-1A3956D46DE8}") = "Infrastructure", "Infrastructure", "{17634B5D-1BCA-4A1D-BA37-4293453A5CEC}"
	ProjectSection(SolutionItems) = preProject
		src\Core\Infrastructure\Directory.build.props = src\Core\Infrastructure\Directory.build.props
		src\Core\Infrastructure\Directory.build.targets = src\Core\Infrastructure\Directory.build.targets
	EndProjectSection
EndProject
Project("{2150E333-8FDC-42A3-9474-1A3956D46DE8}") = "Domain", "Domain", "{AA61F54B-167D-4249-975C-FA3CAA08399E}"
	ProjectSection(SolutionItems) = preProject
		src\Core\Domain\Directory.build.props = src\Core\Domain\Directory.build.props
		src\Core\Domain\Directory.build.targets = src\Core\Domain\Directory.build.targets
	EndProjectSection
EndProject
Project("{2150E333-8FDC-42A3-9474-1A3956D46DE8}") = "Application", "Application", "{C74D717A-F4C0-4C99-B367-117E51415AF5}"
	ProjectSection(SolutionItems) = preProject
		src\Core\Application\Directory.build.props = src\Core\Application\Directory.build.props
		src\Core\Application\Directory.build.targets = src\Core\Application\Directory.build.targets
	EndProjectSection
EndProject
Project("{2150E333-8FDC-42A3-9474-1A3956D46DE8}") = "3_Programs", "3_Programs", "{9AD0F4D0-F052-4D81-A2C9-F9A301DC8807}"
	ProjectSection(SolutionItems) = preProject
		src\Programs\Directory.build.props = src\Programs\Directory.build.props
		src\Programs\Directory.build.targets = src\Programs\Directory.build.targets
	EndProjectSection
EndProject
Project("{9A19103F-16F7-4668-BE54-9A1E7A4F7556}") = "Bistrotic.Domain.Abstractions", "src\Core\Domain\Bistrotic.Domain.Abstractions\Bistrotic.Domain.Abstractions.csproj", "{69F6A7B4-6A07-4799-A1AF-B68FD2CC565F}"
EndProject
Project("{9A19103F-16F7-4668-BE54-9A1E7A4F7556}") = "Bistrotic.Infrastructure.Abstractions", "src\Core\Infrastructure\Bistrotic.Infrastructure.Abstractions\Bistrotic.Infrastructure.Abstractions.csproj", "{EE8C8484-26DB-4CCF-8648-582ABC9470C8}"
EndProject
Project("{9A19103F-16F7-4668-BE54-9A1E7A4F7556}") = "Bistrotic.Infrastructure.ServiceHost", "src\Core\Infrastructure\Bistrotic.Infrastructure.ServiceHost\Bistrotic.Infrastructure.ServiceHost.csproj", "{E82A2C2E-E23E-4CF5-944E-56C7C2DD884C}"
EndProject
Project("{9A19103F-16F7-4668-BE54-9A1E7A4F7556}") = "Bistrotic.Infrastructure.WebServer", "src\Core\Infrastructure\Bistrotic.Infrastructure.WebServer\Bistrotic.Infrastructure.WebServer.csproj", "{D4D7016B-113E-4067-B0E4-C1FD37A09D57}"
EndProject
Project("{9A19103F-16F7-4668-BE54-9A1E7A4F7556}") = "Bistrotic.Infrastructure.BlazorClient", "src\Core\Infrastructure\Bistrotic.Infrastructure.BlazorClient\Bistrotic.Infrastructure.BlazorClient.csproj", "{DA214E04-F5B6-46B3-A172-9EA32F10BC01}"
EndProject
Project("{9A19103F-16F7-4668-BE54-9A1E7A4F7556}") = "Bistrotic.Infrastructure.Modules", "src\Core\Infrastructure\Bistrotic.Infrastructure.Modules\Bistrotic.Infrastructure.Modules.csproj", "{1B3ADC86-CA99-409C-B0F1-69918F929B5E}"
EndProject
Project("{9A19103F-16F7-4668-BE54-9A1E7A4F7556}") = "Bistrotic.Application.Abstractions", "src\Core\Application\Bistrotic.Application.Abstractions\Bistrotic.Application.Abstractions.csproj", "{61D73F65-0B6E-46E4-9D19-C91FC7971CB5}"
EndProject
Project("{9A19103F-16F7-4668-BE54-9A1E7A4F7556}") = "Bistrotic.Infrastructure.Tests", "test\Bistrotic.Infrastructure.Tests\Bistrotic.Infrastructure.Tests.csproj", "{9EF0C27E-7179-4371-920B-EBCA2AC47D63}"
EndProject
Project("{9A19103F-16F7-4668-BE54-9A1E7A4F7556}") = "Bistrotic.Module.Abstractions.Tests", "test\Bistrotic.Module.Abstractions.Tests\Bistrotic.Module.Abstractions.Tests.csproj", "{37C00D6E-0B58-4474-AF31-AD1FE4BEEE3B}"
EndProject
Project("{9A19103F-16F7-4668-BE54-9A1E7A4F7556}") = "Bistrotic.Client", "src\Programs\Client\Bistrotic.Client.csproj", "{571C888B-7BBD-48DE-9F5C-AD6ECB9886E8}"
EndProject
Project("{9A19103F-16F7-4668-BE54-9A1E7A4F7556}") = "Bistrotic.Server", "src\Programs\Server\Bistrotic.Server.csproj", "{95730D4C-9DEE-4A2A-99E5-870F42F09721}"
EndProject
Project("{9A19103F-16F7-4668-BE54-9A1E7A4F7556}") = "Bistrotic.Application", "src\Core\Application\Bistrotic.Application\Bistrotic.Application.csproj", "{3A8BFB32-8BC0-4003-AD58-6FB44FF2097D}"
EndProject
Project("{9A19103F-16F7-4668-BE54-9A1E7A4F7556}") = "Bistrotic.Application.Tests", "test\Bistrotic.Application.Tests\Bistrotic.Application.Tests.csproj", "{23A9A4BC-2DF9-4D0A-B72A-CE90E21FB3DC}"
EndProject
Project("{9A19103F-16F7-4668-BE54-9A1E7A4F7556}") = "Bistrotic.Application.Abstractions.Tests", "test\Bistrotic.Application.Abstractions.Tests\Bistrotic.Application.Abstractions.Tests.csproj", "{AED03AB3-4116-41B2-A283-9BE62D20EE58}"
EndProject
Project("{9A19103F-16F7-4668-BE54-9A1E7A4F7556}") = "Bistrotic.Domain.Abstractions.Tests", "test\Bistrotic.Domain.Abstractions.Tests\Bistrotic.Domain.Abstractions.Tests.csproj", "{1BBECF02-4F6E-4904-B4C6-E650D421A2A3}"
EndProject
Project("{9A19103F-16F7-4668-BE54-9A1E7A4F7556}") = "Bistrotic.WorkItems.Server", "src\Modules\Server\Bistrotic.WorkItems.Server\Bistrotic.WorkItems.Server.csproj", "{E35A1FE8-2914-4CDB-8FA8-003D9CEF6423}"
EndProject
Project("{9A19103F-16F7-4668-BE54-9A1E7A4F7556}") = "Bistrotic.WorkItems.Shared", "src\Modules\Shared\Bistrotic.WorkItems.Shared\Bistrotic.WorkItems.Shared.csproj", "{2F0FCC73-B654-4D24-8938-3ED680EF538F}"
EndProject
Project("{9A19103F-16F7-4668-BE54-9A1E7A4F7556}") = "Bistrotic.Units.Client", "src\Modules\Client\Bistrotic.Units.Client\Bistrotic.Units.Client.csproj", "{7A686709-1FFA-4B45-91DF-12D0E05EA145}"
EndProject
Project("{9A19103F-16F7-4668-BE54-9A1E7A4F7556}") = "Bistrotic.WorkItems.Client", "src\Modules\Client\Bistrotic.WorkItems.Client\Bistrotic.WorkItems.Client.csproj", "{2222A282-CB4F-472B-B820-9054A25F158B}"
EndProject
Project("{9A19103F-16F7-4668-BE54-9A1E7A4F7556}") = "Bistrotic.Units.Shared", "src\Modules\Shared\Bistrotic.Units.Shared\Bistrotic.Units.Shared.csproj", "{DE8105C4-BA3A-429A-952C-E91DE7281411}"
EndProject
Project("{9A19103F-16F7-4668-BE54-9A1E7A4F7556}") = "Bistrotic.Units.Shared.Tests", "test\Modules\Units\Fiveforty.Units.Shared.Tests\Bistrotic.Units.Shared.Tests.csproj", "{738C1233-4254-43A8-AAA3-30880A7CD7F9}"
EndProject
Project("{2150E333-8FDC-42A3-9474-1A3956D46DE8}") = "WorkItems", "WorkItems", "{792B598C-0FEE-425B-BB5E-0FF6EEEADD1B}"
EndProject
Project("{9A19103F-16F7-4668-BE54-9A1E7A4F7556}") = "Bistrotic.WorkItems.Shared.Tests", "test\Modules\WorkItems\Bistrotic.WorkItems.Shared.Tests\Bistrotic.WorkItems.Shared.Tests.csproj", "{256838B6-C62B-4A84-86C5-7540D1AC9A88}"
EndProject
Project("{9A19103F-16F7-4668-BE54-9A1E7A4F7556}") = "Bistrotic.WorkItems.Server.Tests", "test\Modules\WorkItems\Bistrotic.WorkItems.Server.Tests\Bistrotic.WorkItems.Server.Tests.csproj", "{DA965840-FAF6-480E-9A3B-6E6C0E0BC575}"
EndProject
Project("{2150E333-8FDC-42A3-9474-1A3956D46DE8}") = "WorkItems", "WorkItems", "{96887FDB-117E-4CEA-8D77-57812B037239}"
EndProject
Project("{2150E333-8FDC-42A3-9474-1A3956D46DE8}") = "OpenIdDict", "OpenIdDict", "{80839ADC-FF5C-4830-8E88-B6E8FCD16E3A}"
EndProject
Project("{9A19103F-16F7-4668-BE54-9A1E7A4F7556}") = "Bistrotic.OpenIdDict.Shared", "src\Modules\Shared\Bistrotic.OpenIdDict.Shared\Bistrotic.OpenIdDict.Shared.csproj", "{05188814-B180-4859-9A2E-C2CBA4A9BDCD}"
EndProject
Project("{9A19103F-16F7-4668-BE54-9A1E7A4F7556}") = "Bistrotic.OpenIdDict.Client", "src\Modules\Client\Bistrotic.OpenIdDict.Client\Bistrotic.OpenIdDict.Client.csproj", "{9FF79280-96EE-4F77-BC75-377B50D31D25}"
EndProject
Project("{9A19103F-16F7-4668-BE54-9A1E7A4F7556}") = "Bistrotic.OpenIdDict.Server", "src\Modules\Server\Bistrotic.OpenIdDict.Server\Bistrotic.OpenIdDict.Server.csproj", "{A3B9FF34-A8C9-41CE-B062-E0FA77EC3BCB}"
EndProject
Project("{9A19103F-16F7-4668-BE54-9A1E7A4F7556}") = "Bistrotic.Infrastructure.Host", "src\Core\Infrastructure\Bistrotic.Infrastructure.Host\Bistrotic.Infrastructure.Host.csproj", "{F62AE002-3766-4AD2-8F6F-14810F347709}"
EndProject
Project("{9A19103F-16F7-4668-BE54-9A1E7A4F7556}") = "Bistrotic.Infrastructure.Abstractions.Tests", "test\Bistrotic.Infrastructure.Abstractions.Tests\Bistrotic.Infrastructure.Abstractions.Tests.csproj", "{88F02AB7-2CB4-4486-91AD-D5128803249B}"
EndProject
Project("{2150E333-8FDC-42A3-9474-1A3956D46DE8}") = "QuartzScheduler", "QuartzScheduler", "{C9B912AC-CF84-412C-9ED5-DE7054622C05}"
EndProject
Project("{9A19103F-16F7-4668-BE54-9A1E7A4F7556}") = "Bistrotic.QuartzScheduler.Shared", "src\Modules\Shared\Bistrotic.QuartzScheduler.Shared\Bistrotic.QuartzScheduler.Shared.csproj", "{C6C5A5B7-FE04-4BC1-98FE-B2EDE25FA027}"
EndProject
Project("{9A19103F-16F7-4668-BE54-9A1E7A4F7556}") = "Bistrotic.QuartzScheduler.Server", "src\Modules\Server\Bistrotic.QuartzScheduler.Server\Bistrotic.QuartzScheduler.Server.csproj", "{9F80AAB6-0AEE-4473-96E0-C869BA80E092}"
EndProject
Project("{9A19103F-16F7-4668-BE54-9A1E7A4F7556}") = "Bistrotic.Tools", "src\Programs\Bistrotic.Tools\Bistrotic.Tools.csproj", "{B057DA7D-5B1F-47C7-8490-9F436DF9BC01}"
EndProject
Project("{2150E333-8FDC-42A3-9474-1A3956D46DE8}") = "Users", "Users", "{EACE1F1E-9916-483A-A747-67B7A4138153}"
EndProject
Project("{9A19103F-16F7-4668-BE54-9A1E7A4F7556}") = "Bistrotic.Users.Server", "src\Modules\Server\Bistrotic.Users.Server\Bistrotic.Users.Server.csproj", "{CDE53363-1D51-411C-8493-073ACBD78146}"
EndProject
Project("{9A19103F-16F7-4668-BE54-9A1E7A4F7556}") = "Bistrotic.Units.Server", "src\Modules\Server\Bistrotic.Units.Server\Bistrotic.Units.Server.csproj", "{E3DFFDE1-6ACB-4906-86FC-619BC0F44525}"
EndProject
Project("{9A19103F-16F7-4668-BE54-9A1E7A4F7556}") = "Bistrotic.Users.Client", "src\Modules\Client\Bistrotic.Users.Client\Bistrotic.Users.Client.csproj", "{CD1FD4B3-0D27-483B-AF9A-7F5ACAF87AE4}"
EndProject
Project("{2150E333-8FDC-42A3-9474-1A3956D46DE8}") = "MicrosoftIdentity", "MicrosoftIdentity", "{C370444D-26E5-46BA-BF74-3F435D6D8D28}"
EndProject
Project("{9A19103F-16F7-4668-BE54-9A1E7A4F7556}") = "Bistrotic.MicrosoftIdentity.Server", "src\Modules\Server\Bistrotic.MicrosoftIdentity.Server\Bistrotic.MicrosoftIdentity.Server.csproj", "{69D5BC89-EAE9-45BC-9631-80A40FB5B75A}"
EndProject
Project("{D954291E-2A0B-460D-934E-DC6B0785DB48}") = "Bistrotic.Users.Shared", "src\Modules\Shared\Bistrotic.Users.Shared\Bistrotic.Users.Shared.shproj", "{A9FDF1B7-CDAB-46E6-8FB5-88AD3CACE806}"
EndProject
Project("{9A19103F-16F7-4668-BE54-9A1E7A4F7556}") = "Bistrotic.Infrastructure.CodeGeneration.WebServer", "src\Core\Infrastructure\Bistrotic.Infrastructure.CodeGeneration.WebServer\Bistrotic.Infrastructure.CodeGeneration.WebServer.csproj", "{06BEDA32-E705-4093-90B0-C61E81C646C2}"
EndProject
Project("{9A19103F-16F7-4668-BE54-9A1E7A4F7556}") = "Bistrotic.Infrastructure.CodeGeneration.BlazorClient", "src\Core\Infrastructure\Bistrotic.Infrastructure.CodeGeneration.BlazorClient\Bistrotic.Infrastructure.CodeGeneration.BlazorClient.csproj", "{7ECFC9D7-9D45-46AD-B6DF-1393D98505C4}"
EndProject
Project("{D954291E-2A0B-460D-934E-DC6B0785DB48}") = "Bistrotic.Infrastructure.CodeGeneration.Shared", "src\Core\Infrastructure\Bistrotic.Infrastructure.CodeGeneration.Shared\Bistrotic.Infrastructure.CodeGeneration.Shared.shproj", "{0A1BE2C0-37C6-428D-8BF5-C2DDDF7A0E4A}"
EndProject
Global
	GlobalSection(SharedMSBuildProjectFiles) = preSolution
		src\Core\Infrastructure\Bistrotic.Infrastructure.CodeGeneration.Shared\Bistrotic.Infrastructure.CodeGeneration.Shared.projitems*{06beda32-e705-4093-90b0-c61e81c646c2}*SharedItemsImports = 5
		src\Core\Infrastructure\Bistrotic.Infrastructure.CodeGeneration.Shared\Bistrotic.Infrastructure.CodeGeneration.Shared.projitems*{0a1be2c0-37c6-428d-8bf5-c2dddf7a0e4a}*SharedItemsImports = 13
		src\Core\Infrastructure\Bistrotic.Infrastructure.CodeGeneration.Shared\Bistrotic.Infrastructure.CodeGeneration.Shared.projitems*{7ecfc9d7-9d45-46ad-b6df-1393d98505c4}*SharedItemsImports = 5
		src\Modules\Shared\Bistrotic.Users.Shared\Bistrotic.Users.Shared.projitems*{a9fdf1b7-cdab-46e6-8fb5-88ad3cace806}*SharedItemsImports = 13
		src\Modules\Shared\Bistrotic.Users.Shared\Bistrotic.Users.Shared.projitems*{cd1fd4b3-0d27-483b-af9a-7f5acaf87ae4}*SharedItemsImports = 5
		src\Modules\Shared\Bistrotic.Users.Shared\Bistrotic.Users.Shared.projitems*{cde53363-1d51-411c-8493-073acbd78146}*SharedItemsImports = 5
	EndGlobalSection
	GlobalSection(SolutionConfigurationPlatforms) = preSolution
		Debug|Any CPU = Debug|Any CPU
		Release|Any CPU = Release|Any CPU
	EndGlobalSection
	GlobalSection(ProjectConfigurationPlatforms) = postSolution
		{69F6A7B4-6A07-4799-A1AF-B68FD2CC565F}.Debug|Any CPU.ActiveCfg = Debug|Any CPU
		{69F6A7B4-6A07-4799-A1AF-B68FD2CC565F}.Debug|Any CPU.Build.0 = Debug|Any CPU
		{69F6A7B4-6A07-4799-A1AF-B68FD2CC565F}.Release|Any CPU.ActiveCfg = Release|Any CPU
		{69F6A7B4-6A07-4799-A1AF-B68FD2CC565F}.Release|Any CPU.Build.0 = Release|Any CPU
		{EE8C8484-26DB-4CCF-8648-582ABC9470C8}.Debug|Any CPU.ActiveCfg = Debug|Any CPU
		{EE8C8484-26DB-4CCF-8648-582ABC9470C8}.Debug|Any CPU.Build.0 = Debug|Any CPU
		{EE8C8484-26DB-4CCF-8648-582ABC9470C8}.Release|Any CPU.ActiveCfg = Release|Any CPU
		{EE8C8484-26DB-4CCF-8648-582ABC9470C8}.Release|Any CPU.Build.0 = Release|Any CPU
		{E82A2C2E-E23E-4CF5-944E-56C7C2DD884C}.Debug|Any CPU.ActiveCfg = Debug|Any CPU
		{E82A2C2E-E23E-4CF5-944E-56C7C2DD884C}.Debug|Any CPU.Build.0 = Debug|Any CPU
		{E82A2C2E-E23E-4CF5-944E-56C7C2DD884C}.Release|Any CPU.ActiveCfg = Release|Any CPU
		{E82A2C2E-E23E-4CF5-944E-56C7C2DD884C}.Release|Any CPU.Build.0 = Release|Any CPU
		{D4D7016B-113E-4067-B0E4-C1FD37A09D57}.Debug|Any CPU.ActiveCfg = Debug|Any CPU
		{D4D7016B-113E-4067-B0E4-C1FD37A09D57}.Debug|Any CPU.Build.0 = Debug|Any CPU
		{D4D7016B-113E-4067-B0E4-C1FD37A09D57}.Release|Any CPU.ActiveCfg = Release|Any CPU
		{D4D7016B-113E-4067-B0E4-C1FD37A09D57}.Release|Any CPU.Build.0 = Release|Any CPU
		{DA214E04-F5B6-46B3-A172-9EA32F10BC01}.Debug|Any CPU.ActiveCfg = Debug|Any CPU
		{DA214E04-F5B6-46B3-A172-9EA32F10BC01}.Debug|Any CPU.Build.0 = Debug|Any CPU
		{DA214E04-F5B6-46B3-A172-9EA32F10BC01}.Release|Any CPU.ActiveCfg = Release|Any CPU
		{DA214E04-F5B6-46B3-A172-9EA32F10BC01}.Release|Any CPU.Build.0 = Release|Any CPU
		{1B3ADC86-CA99-409C-B0F1-69918F929B5E}.Debug|Any CPU.ActiveCfg = Debug|Any CPU
		{1B3ADC86-CA99-409C-B0F1-69918F929B5E}.Debug|Any CPU.Build.0 = Debug|Any CPU
		{1B3ADC86-CA99-409C-B0F1-69918F929B5E}.Release|Any CPU.ActiveCfg = Release|Any CPU
		{1B3ADC86-CA99-409C-B0F1-69918F929B5E}.Release|Any CPU.Build.0 = Release|Any CPU
		{61D73F65-0B6E-46E4-9D19-C91FC7971CB5}.Debug|Any CPU.ActiveCfg = Debug|Any CPU
		{61D73F65-0B6E-46E4-9D19-C91FC7971CB5}.Debug|Any CPU.Build.0 = Debug|Any CPU
		{61D73F65-0B6E-46E4-9D19-C91FC7971CB5}.Release|Any CPU.ActiveCfg = Release|Any CPU
		{61D73F65-0B6E-46E4-9D19-C91FC7971CB5}.Release|Any CPU.Build.0 = Release|Any CPU
		{9EF0C27E-7179-4371-920B-EBCA2AC47D63}.Debug|Any CPU.ActiveCfg = Debug|Any CPU
		{9EF0C27E-7179-4371-920B-EBCA2AC47D63}.Debug|Any CPU.Build.0 = Debug|Any CPU
		{9EF0C27E-7179-4371-920B-EBCA2AC47D63}.Release|Any CPU.ActiveCfg = Release|Any CPU
		{9EF0C27E-7179-4371-920B-EBCA2AC47D63}.Release|Any CPU.Build.0 = Release|Any CPU
		{37C00D6E-0B58-4474-AF31-AD1FE4BEEE3B}.Debug|Any CPU.ActiveCfg = Debug|Any CPU
		{37C00D6E-0B58-4474-AF31-AD1FE4BEEE3B}.Debug|Any CPU.Build.0 = Debug|Any CPU
		{37C00D6E-0B58-4474-AF31-AD1FE4BEEE3B}.Release|Any CPU.ActiveCfg = Release|Any CPU
		{37C00D6E-0B58-4474-AF31-AD1FE4BEEE3B}.Release|Any CPU.Build.0 = Release|Any CPU
		{571C888B-7BBD-48DE-9F5C-AD6ECB9886E8}.Debug|Any CPU.ActiveCfg = Debug|Any CPU
		{571C888B-7BBD-48DE-9F5C-AD6ECB9886E8}.Debug|Any CPU.Build.0 = Debug|Any CPU
		{571C888B-7BBD-48DE-9F5C-AD6ECB9886E8}.Release|Any CPU.ActiveCfg = Release|Any CPU
		{571C888B-7BBD-48DE-9F5C-AD6ECB9886E8}.Release|Any CPU.Build.0 = Release|Any CPU
		{95730D4C-9DEE-4A2A-99E5-870F42F09721}.Debug|Any CPU.ActiveCfg = Debug|Any CPU
		{95730D4C-9DEE-4A2A-99E5-870F42F09721}.Debug|Any CPU.Build.0 = Debug|Any CPU
		{95730D4C-9DEE-4A2A-99E5-870F42F09721}.Release|Any CPU.ActiveCfg = Release|Any CPU
		{95730D4C-9DEE-4A2A-99E5-870F42F09721}.Release|Any CPU.Build.0 = Release|Any CPU
		{3A8BFB32-8BC0-4003-AD58-6FB44FF2097D}.Debug|Any CPU.ActiveCfg = Debug|Any CPU
		{3A8BFB32-8BC0-4003-AD58-6FB44FF2097D}.Debug|Any CPU.Build.0 = Debug|Any CPU
		{3A8BFB32-8BC0-4003-AD58-6FB44FF2097D}.Release|Any CPU.ActiveCfg = Release|Any CPU
		{3A8BFB32-8BC0-4003-AD58-6FB44FF2097D}.Release|Any CPU.Build.0 = Release|Any CPU
		{23A9A4BC-2DF9-4D0A-B72A-CE90E21FB3DC}.Debug|Any CPU.ActiveCfg = Debug|Any CPU
		{23A9A4BC-2DF9-4D0A-B72A-CE90E21FB3DC}.Debug|Any CPU.Build.0 = Debug|Any CPU
		{23A9A4BC-2DF9-4D0A-B72A-CE90E21FB3DC}.Release|Any CPU.ActiveCfg = Release|Any CPU
		{23A9A4BC-2DF9-4D0A-B72A-CE90E21FB3DC}.Release|Any CPU.Build.0 = Release|Any CPU
		{AED03AB3-4116-41B2-A283-9BE62D20EE58}.Debug|Any CPU.ActiveCfg = Debug|Any CPU
		{AED03AB3-4116-41B2-A283-9BE62D20EE58}.Debug|Any CPU.Build.0 = Debug|Any CPU
		{AED03AB3-4116-41B2-A283-9BE62D20EE58}.Release|Any CPU.ActiveCfg = Release|Any CPU
		{AED03AB3-4116-41B2-A283-9BE62D20EE58}.Release|Any CPU.Build.0 = Release|Any CPU
		{1BBECF02-4F6E-4904-B4C6-E650D421A2A3}.Debug|Any CPU.ActiveCfg = Debug|Any CPU
		{1BBECF02-4F6E-4904-B4C6-E650D421A2A3}.Debug|Any CPU.Build.0 = Debug|Any CPU
		{1BBECF02-4F6E-4904-B4C6-E650D421A2A3}.Release|Any CPU.ActiveCfg = Release|Any CPU
		{1BBECF02-4F6E-4904-B4C6-E650D421A2A3}.Release|Any CPU.Build.0 = Release|Any CPU
		{E35A1FE8-2914-4CDB-8FA8-003D9CEF6423}.Debug|Any CPU.ActiveCfg = Debug|Any CPU
		{E35A1FE8-2914-4CDB-8FA8-003D9CEF6423}.Debug|Any CPU.Build.0 = Debug|Any CPU
		{E35A1FE8-2914-4CDB-8FA8-003D9CEF6423}.Release|Any CPU.ActiveCfg = Release|Any CPU
		{E35A1FE8-2914-4CDB-8FA8-003D9CEF6423}.Release|Any CPU.Build.0 = Release|Any CPU
		{2F0FCC73-B654-4D24-8938-3ED680EF538F}.Debug|Any CPU.ActiveCfg = Debug|Any CPU
		{2F0FCC73-B654-4D24-8938-3ED680EF538F}.Debug|Any CPU.Build.0 = Debug|Any CPU
		{2F0FCC73-B654-4D24-8938-3ED680EF538F}.Release|Any CPU.ActiveCfg = Release|Any CPU
		{2F0FCC73-B654-4D24-8938-3ED680EF538F}.Release|Any CPU.Build.0 = Release|Any CPU
		{7A686709-1FFA-4B45-91DF-12D0E05EA145}.Debug|Any CPU.ActiveCfg = Debug|Any CPU
		{7A686709-1FFA-4B45-91DF-12D0E05EA145}.Debug|Any CPU.Build.0 = Debug|Any CPU
		{7A686709-1FFA-4B45-91DF-12D0E05EA145}.Release|Any CPU.ActiveCfg = Release|Any CPU
		{7A686709-1FFA-4B45-91DF-12D0E05EA145}.Release|Any CPU.Build.0 = Release|Any CPU
		{2222A282-CB4F-472B-B820-9054A25F158B}.Debug|Any CPU.ActiveCfg = Debug|Any CPU
		{2222A282-CB4F-472B-B820-9054A25F158B}.Debug|Any CPU.Build.0 = Debug|Any CPU
		{2222A282-CB4F-472B-B820-9054A25F158B}.Release|Any CPU.ActiveCfg = Release|Any CPU
		{2222A282-CB4F-472B-B820-9054A25F158B}.Release|Any CPU.Build.0 = Release|Any CPU
		{DE8105C4-BA3A-429A-952C-E91DE7281411}.Debug|Any CPU.ActiveCfg = Debug|Any CPU
		{DE8105C4-BA3A-429A-952C-E91DE7281411}.Debug|Any CPU.Build.0 = Debug|Any CPU
		{DE8105C4-BA3A-429A-952C-E91DE7281411}.Release|Any CPU.ActiveCfg = Release|Any CPU
		{DE8105C4-BA3A-429A-952C-E91DE7281411}.Release|Any CPU.Build.0 = Release|Any CPU
		{738C1233-4254-43A8-AAA3-30880A7CD7F9}.Debug|Any CPU.ActiveCfg = Debug|Any CPU
		{738C1233-4254-43A8-AAA3-30880A7CD7F9}.Debug|Any CPU.Build.0 = Debug|Any CPU
		{738C1233-4254-43A8-AAA3-30880A7CD7F9}.Release|Any CPU.ActiveCfg = Release|Any CPU
		{738C1233-4254-43A8-AAA3-30880A7CD7F9}.Release|Any CPU.Build.0 = Release|Any CPU
		{256838B6-C62B-4A84-86C5-7540D1AC9A88}.Debug|Any CPU.ActiveCfg = Debug|Any CPU
		{256838B6-C62B-4A84-86C5-7540D1AC9A88}.Debug|Any CPU.Build.0 = Debug|Any CPU
		{256838B6-C62B-4A84-86C5-7540D1AC9A88}.Release|Any CPU.ActiveCfg = Release|Any CPU
		{256838B6-C62B-4A84-86C5-7540D1AC9A88}.Release|Any CPU.Build.0 = Release|Any CPU
		{DA965840-FAF6-480E-9A3B-6E6C0E0BC575}.Debug|Any CPU.ActiveCfg = Debug|Any CPU
		{DA965840-FAF6-480E-9A3B-6E6C0E0BC575}.Debug|Any CPU.Build.0 = Debug|Any CPU
		{DA965840-FAF6-480E-9A3B-6E6C0E0BC575}.Release|Any CPU.ActiveCfg = Release|Any CPU
		{DA965840-FAF6-480E-9A3B-6E6C0E0BC575}.Release|Any CPU.Build.0 = Release|Any CPU
		{05188814-B180-4859-9A2E-C2CBA4A9BDCD}.Debug|Any CPU.ActiveCfg = Debug|Any CPU
		{05188814-B180-4859-9A2E-C2CBA4A9BDCD}.Debug|Any CPU.Build.0 = Debug|Any CPU
		{05188814-B180-4859-9A2E-C2CBA4A9BDCD}.Release|Any CPU.ActiveCfg = Release|Any CPU
		{05188814-B180-4859-9A2E-C2CBA4A9BDCD}.Release|Any CPU.Build.0 = Release|Any CPU
		{9FF79280-96EE-4F77-BC75-377B50D31D25}.Debug|Any CPU.ActiveCfg = Debug|Any CPU
		{9FF79280-96EE-4F77-BC75-377B50D31D25}.Debug|Any CPU.Build.0 = Debug|Any CPU
		{9FF79280-96EE-4F77-BC75-377B50D31D25}.Release|Any CPU.ActiveCfg = Release|Any CPU
		{9FF79280-96EE-4F77-BC75-377B50D31D25}.Release|Any CPU.Build.0 = Release|Any CPU
		{A3B9FF34-A8C9-41CE-B062-E0FA77EC3BCB}.Debug|Any CPU.ActiveCfg = Debug|Any CPU
		{A3B9FF34-A8C9-41CE-B062-E0FA77EC3BCB}.Debug|Any CPU.Build.0 = Debug|Any CPU
		{A3B9FF34-A8C9-41CE-B062-E0FA77EC3BCB}.Release|Any CPU.ActiveCfg = Release|Any CPU
		{A3B9FF34-A8C9-41CE-B062-E0FA77EC3BCB}.Release|Any CPU.Build.0 = Release|Any CPU
		{F62AE002-3766-4AD2-8F6F-14810F347709}.Debug|Any CPU.ActiveCfg = Debug|Any CPU
		{F62AE002-3766-4AD2-8F6F-14810F347709}.Debug|Any CPU.Build.0 = Debug|Any CPU
		{F62AE002-3766-4AD2-8F6F-14810F347709}.Release|Any CPU.ActiveCfg = Release|Any CPU
		{F62AE002-3766-4AD2-8F6F-14810F347709}.Release|Any CPU.Build.0 = Release|Any CPU
		{88F02AB7-2CB4-4486-91AD-D5128803249B}.Debug|Any CPU.ActiveCfg = Debug|Any CPU
		{88F02AB7-2CB4-4486-91AD-D5128803249B}.Debug|Any CPU.Build.0 = Debug|Any CPU
		{88F02AB7-2CB4-4486-91AD-D5128803249B}.Release|Any CPU.ActiveCfg = Release|Any CPU
		{88F02AB7-2CB4-4486-91AD-D5128803249B}.Release|Any CPU.Build.0 = Release|Any CPU
		{C6C5A5B7-FE04-4BC1-98FE-B2EDE25FA027}.Debug|Any CPU.ActiveCfg = Debug|Any CPU
		{C6C5A5B7-FE04-4BC1-98FE-B2EDE25FA027}.Debug|Any CPU.Build.0 = Debug|Any CPU
		{C6C5A5B7-FE04-4BC1-98FE-B2EDE25FA027}.Release|Any CPU.ActiveCfg = Release|Any CPU
		{C6C5A5B7-FE04-4BC1-98FE-B2EDE25FA027}.Release|Any CPU.Build.0 = Release|Any CPU
		{9F80AAB6-0AEE-4473-96E0-C869BA80E092}.Debug|Any CPU.ActiveCfg = Debug|Any CPU
		{9F80AAB6-0AEE-4473-96E0-C869BA80E092}.Debug|Any CPU.Build.0 = Debug|Any CPU
		{9F80AAB6-0AEE-4473-96E0-C869BA80E092}.Release|Any CPU.ActiveCfg = Release|Any CPU
		{9F80AAB6-0AEE-4473-96E0-C869BA80E092}.Release|Any CPU.Build.0 = Release|Any CPU
		{B057DA7D-5B1F-47C7-8490-9F436DF9BC01}.Debug|Any CPU.ActiveCfg = Debug|Any CPU
		{B057DA7D-5B1F-47C7-8490-9F436DF9BC01}.Debug|Any CPU.Build.0 = Debug|Any CPU
		{B057DA7D-5B1F-47C7-8490-9F436DF9BC01}.Release|Any CPU.ActiveCfg = Release|Any CPU
		{B057DA7D-5B1F-47C7-8490-9F436DF9BC01}.Release|Any CPU.Build.0 = Release|Any CPU
		{CDE53363-1D51-411C-8493-073ACBD78146}.Debug|Any CPU.ActiveCfg = Debug|Any CPU
		{CDE53363-1D51-411C-8493-073ACBD78146}.Debug|Any CPU.Build.0 = Debug|Any CPU
		{CDE53363-1D51-411C-8493-073ACBD78146}.Release|Any CPU.ActiveCfg = Release|Any CPU
		{CDE53363-1D51-411C-8493-073ACBD78146}.Release|Any CPU.Build.0 = Release|Any CPU
		{E3DFFDE1-6ACB-4906-86FC-619BC0F44525}.Debug|Any CPU.ActiveCfg = Debug|Any CPU
		{E3DFFDE1-6ACB-4906-86FC-619BC0F44525}.Debug|Any CPU.Build.0 = Debug|Any CPU
		{E3DFFDE1-6ACB-4906-86FC-619BC0F44525}.Release|Any CPU.ActiveCfg = Release|Any CPU
		{E3DFFDE1-6ACB-4906-86FC-619BC0F44525}.Release|Any CPU.Build.0 = Release|Any CPU
		{CD1FD4B3-0D27-483B-AF9A-7F5ACAF87AE4}.Debug|Any CPU.ActiveCfg = Debug|Any CPU
		{CD1FD4B3-0D27-483B-AF9A-7F5ACAF87AE4}.Debug|Any CPU.Build.0 = Debug|Any CPU
		{CD1FD4B3-0D27-483B-AF9A-7F5ACAF87AE4}.Release|Any CPU.ActiveCfg = Release|Any CPU
		{CD1FD4B3-0D27-483B-AF9A-7F5ACAF87AE4}.Release|Any CPU.Build.0 = Release|Any CPU
		{69D5BC89-EAE9-45BC-9631-80A40FB5B75A}.Debug|Any CPU.ActiveCfg = Debug|Any CPU
		{69D5BC89-EAE9-45BC-9631-80A40FB5B75A}.Debug|Any CPU.Build.0 = Debug|Any CPU
		{69D5BC89-EAE9-45BC-9631-80A40FB5B75A}.Release|Any CPU.ActiveCfg = Release|Any CPU
		{69D5BC89-EAE9-45BC-9631-80A40FB5B75A}.Release|Any CPU.Build.0 = Release|Any CPU
		{06BEDA32-E705-4093-90B0-C61E81C646C2}.Debug|Any CPU.ActiveCfg = Debug|Any CPU
		{06BEDA32-E705-4093-90B0-C61E81C646C2}.Debug|Any CPU.Build.0 = Debug|Any CPU
		{06BEDA32-E705-4093-90B0-C61E81C646C2}.Release|Any CPU.ActiveCfg = Release|Any CPU
		{06BEDA32-E705-4093-90B0-C61E81C646C2}.Release|Any CPU.Build.0 = Release|Any CPU
		{7ECFC9D7-9D45-46AD-B6DF-1393D98505C4}.Debug|Any CPU.ActiveCfg = Debug|Any CPU
		{7ECFC9D7-9D45-46AD-B6DF-1393D98505C4}.Debug|Any CPU.Build.0 = Debug|Any CPU
		{7ECFC9D7-9D45-46AD-B6DF-1393D98505C4}.Release|Any CPU.ActiveCfg = Release|Any CPU
		{7ECFC9D7-9D45-46AD-B6DF-1393D98505C4}.Release|Any CPU.Build.0 = Release|Any CPU
	EndGlobalSection
	GlobalSection(SolutionProperties) = preSolution
		HideSolutionNode = FALSE
	EndGlobalSection
	GlobalSection(NestedProjects) = preSolution
		{C95CEBC9-31B9-4BA7-BFAF-AE75997E196A} = {5DEBE9B8-E56C-4E95-A592-9CB0194A8221}
		{7FC87AE8-D1DA-4306-81B0-29C270E7E104} = {1299CE2B-441E-4AB4-97E3-E439F145E9F9}
		{39D4F000-E0C7-4DB3-A80F-6D75FAAB44FE} = {7FC87AE8-D1DA-4306-81B0-29C270E7E104}
		{17634B5D-1BCA-4A1D-BA37-4293453A5CEC} = {23C5C740-B906-4598-A789-6E5027F0A07C}
		{AA61F54B-167D-4249-975C-FA3CAA08399E} = {23C5C740-B906-4598-A789-6E5027F0A07C}
		{C74D717A-F4C0-4C99-B367-117E51415AF5} = {23C5C740-B906-4598-A789-6E5027F0A07C}
		{69F6A7B4-6A07-4799-A1AF-B68FD2CC565F} = {AA61F54B-167D-4249-975C-FA3CAA08399E}
		{EE8C8484-26DB-4CCF-8648-582ABC9470C8} = {17634B5D-1BCA-4A1D-BA37-4293453A5CEC}
		{E82A2C2E-E23E-4CF5-944E-56C7C2DD884C} = {17634B5D-1BCA-4A1D-BA37-4293453A5CEC}
		{D4D7016B-113E-4067-B0E4-C1FD37A09D57} = {17634B5D-1BCA-4A1D-BA37-4293453A5CEC}
		{DA214E04-F5B6-46B3-A172-9EA32F10BC01} = {17634B5D-1BCA-4A1D-BA37-4293453A5CEC}
		{1B3ADC86-CA99-409C-B0F1-69918F929B5E} = {17634B5D-1BCA-4A1D-BA37-4293453A5CEC}
		{61D73F65-0B6E-46E4-9D19-C91FC7971CB5} = {C74D717A-F4C0-4C99-B367-117E51415AF5}
		{9EF0C27E-7179-4371-920B-EBCA2AC47D63} = {1299CE2B-441E-4AB4-97E3-E439F145E9F9}
		{37C00D6E-0B58-4474-AF31-AD1FE4BEEE3B} = {1299CE2B-441E-4AB4-97E3-E439F145E9F9}
		{571C888B-7BBD-48DE-9F5C-AD6ECB9886E8} = {9AD0F4D0-F052-4D81-A2C9-F9A301DC8807}
		{95730D4C-9DEE-4A2A-99E5-870F42F09721} = {9AD0F4D0-F052-4D81-A2C9-F9A301DC8807}
		{3A8BFB32-8BC0-4003-AD58-6FB44FF2097D} = {C74D717A-F4C0-4C99-B367-117E51415AF5}
		{23A9A4BC-2DF9-4D0A-B72A-CE90E21FB3DC} = {1299CE2B-441E-4AB4-97E3-E439F145E9F9}
		{AED03AB3-4116-41B2-A283-9BE62D20EE58} = {1299CE2B-441E-4AB4-97E3-E439F145E9F9}
		{1BBECF02-4F6E-4904-B4C6-E650D421A2A3} = {1299CE2B-441E-4AB4-97E3-E439F145E9F9}
		{E35A1FE8-2914-4CDB-8FA8-003D9CEF6423} = {96887FDB-117E-4CEA-8D77-57812B037239}
		{2F0FCC73-B654-4D24-8938-3ED680EF538F} = {96887FDB-117E-4CEA-8D77-57812B037239}
		{7A686709-1FFA-4B45-91DF-12D0E05EA145} = {C95CEBC9-31B9-4BA7-BFAF-AE75997E196A}
		{2222A282-CB4F-472B-B820-9054A25F158B} = {96887FDB-117E-4CEA-8D77-57812B037239}
		{DE8105C4-BA3A-429A-952C-E91DE7281411} = {C95CEBC9-31B9-4BA7-BFAF-AE75997E196A}
		{738C1233-4254-43A8-AAA3-30880A7CD7F9} = {39D4F000-E0C7-4DB3-A80F-6D75FAAB44FE}
		{792B598C-0FEE-425B-BB5E-0FF6EEEADD1B} = {7FC87AE8-D1DA-4306-81B0-29C270E7E104}
		{256838B6-C62B-4A84-86C5-7540D1AC9A88} = {792B598C-0FEE-425B-BB5E-0FF6EEEADD1B}
		{DA965840-FAF6-480E-9A3B-6E6C0E0BC575} = {792B598C-0FEE-425B-BB5E-0FF6EEEADD1B}
		{96887FDB-117E-4CEA-8D77-57812B037239} = {5DEBE9B8-E56C-4E95-A592-9CB0194A8221}
		{80839ADC-FF5C-4830-8E88-B6E8FCD16E3A} = {5DEBE9B8-E56C-4E95-A592-9CB0194A8221}
		{05188814-B180-4859-9A2E-C2CBA4A9BDCD} = {80839ADC-FF5C-4830-8E88-B6E8FCD16E3A}
		{9FF79280-96EE-4F77-BC75-377B50D31D25} = {80839ADC-FF5C-4830-8E88-B6E8FCD16E3A}
		{A3B9FF34-A8C9-41CE-B062-E0FA77EC3BCB} = {80839ADC-FF5C-4830-8E88-B6E8FCD16E3A}
		{F62AE002-3766-4AD2-8F6F-14810F347709} = {17634B5D-1BCA-4A1D-BA37-4293453A5CEC}
		{88F02AB7-2CB4-4486-91AD-D5128803249B} = {1299CE2B-441E-4AB4-97E3-E439F145E9F9}
		{C9B912AC-CF84-412C-9ED5-DE7054622C05} = {5DEBE9B8-E56C-4E95-A592-9CB0194A8221}
		{C6C5A5B7-FE04-4BC1-98FE-B2EDE25FA027} = {C9B912AC-CF84-412C-9ED5-DE7054622C05}
		{9F80AAB6-0AEE-4473-96E0-C869BA80E092} = {C9B912AC-CF84-412C-9ED5-DE7054622C05}
		{B057DA7D-5B1F-47C7-8490-9F436DF9BC01} = {9AD0F4D0-F052-4D81-A2C9-F9A301DC8807}
		{EACE1F1E-9916-483A-A747-67B7A4138153} = {5DEBE9B8-E56C-4E95-A592-9CB0194A8221}
		{CDE53363-1D51-411C-8493-073ACBD78146} = {EACE1F1E-9916-483A-A747-67B7A4138153}
		{E3DFFDE1-6ACB-4906-86FC-619BC0F44525} = {C95CEBC9-31B9-4BA7-BFAF-AE75997E196A}
		{CD1FD4B3-0D27-483B-AF9A-7F5ACAF87AE4} = {EACE1F1E-9916-483A-A747-67B7A4138153}
		{C370444D-26E5-46BA-BF74-3F435D6D8D28} = {5DEBE9B8-E56C-4E95-A592-9CB0194A8221}
		{69D5BC89-EAE9-45BC-9631-80A40FB5B75A} = {C370444D-26E5-46BA-BF74-3F435D6D8D28}
		{A9FDF1B7-CDAB-46E6-8FB5-88AD3CACE806} = {EACE1F1E-9916-483A-A747-67B7A4138153}
		{06BEDA32-E705-4093-90B0-C61E81C646C2} = {17634B5D-1BCA-4A1D-BA37-4293453A5CEC}
		{7ECFC9D7-9D45-46AD-B6DF-1393D98505C4} = {17634B5D-1BCA-4A1D-BA37-4293453A5CEC}
		{0A1BE2C0-37C6-428D-8BF5-C2DDDF7A0E4A} = {17634B5D-1BCA-4A1D-BA37-4293453A5CEC}
	EndGlobalSection
	GlobalSection(ExtensibilityGlobals) = postSolution
		SolutionGuid = {BA165E9D-6B6A-49BD-9879-44123F389ACD}
	EndGlobalSection
EndGlobal
